// !$*UTF8*$!
{
	archiveVersion = 1;
	classes = {
	};
	objectVersion = 46;
	objects = {

/* Begin PBXBuildFile section */
		5028BD241C152E36007F5598 /* main.m in Sources */ = {isa = PBXBuildFile; fileRef = 5028BD231C152E36007F5598 /* main.m */; };
		5028BD271C152E36007F5598 /* AppDelegate.m in Sources */ = {isa = PBXBuildFile; fileRef = 5028BD261C152E36007F5598 /* AppDelegate.m */; };
		5028BD2A1C152E36007F5598 /* ViewController.m in Sources */ = {isa = PBXBuildFile; fileRef = 5028BD291C152E36007F5598 /* ViewController.m */; };
		5028BD2D1C152E36007F5598 /* Main.storyboard in Resources */ = {isa = PBXBuildFile; fileRef = 5028BD2B1C152E36007F5598 /* Main.storyboard */; };
		5028BD301C152E36007F5598 /* XLMultiSegmentedControl.xcdatamodeld in Sources */ = {isa = PBXBuildFile; fileRef = 5028BD2E1C152E36007F5598 /* XLMultiSegmentedControl.xcdatamodeld */; };
		5028BD321C152E36007F5598 /* Assets.xcassets in Resources */ = {isa = PBXBuildFile; fileRef = 5028BD311C152E36007F5598 /* Assets.xcassets */; };
		5028BD351C152E36007F5598 /* LaunchScreen.storyboard in Resources */ = {isa = PBXBuildFile; fileRef = 5028BD331C152E36007F5598 /* LaunchScreen.storyboard */; };
		5028BD401C152E36007F5598 /* XLMultiSegmentedControlTests.m in Sources */ = {isa = PBXBuildFile; fileRef = 5028BD3F1C152E36007F5598 /* XLMultiSegmentedControlTests.m */; };
		5028BD4B1C152E36007F5598 /* XLMultiSegmentedControlUITests.m in Sources */ = {isa = PBXBuildFile; fileRef = 5028BD4A1C152E36007F5598 /* XLMultiSegmentedControlUITests.m */; };
		5028BD5A1C152E80007F5598 /* XLMultiSegmentedControl.m in Sources */ = {isa = PBXBuildFile; fileRef = 5028BD591C152E80007F5598 /* XLMultiSegmentedControl.m */; };
		5028BD5C1C152F28007F5598 /* screenshot.png in Resources */ = {isa = PBXBuildFile; fileRef = 5028BD5B1C152F28007F5598 /* screenshot.png */; };
		50A11E831DDD90F500AD5263 /* MASCompositeConstraint.m in Sources */ = {isa = PBXBuildFile; fileRef = 50A11E6B1DDD90F500AD5263 /* MASCompositeConstraint.m */; };
		50A11E841DDD90F500AD5263 /* MASConstraint.m in Sources */ = {isa = PBXBuildFile; fileRef = 50A11E6E1DDD90F500AD5263 /* MASConstraint.m */; };
		50A11E851DDD90F500AD5263 /* MASConstraintMaker.m in Sources */ = {isa = PBXBuildFile; fileRef = 50A11E701DDD90F500AD5263 /* MASConstraintMaker.m */; };
		50A11E861DDD90F500AD5263 /* MASLayoutConstraint.m in Sources */ = {isa = PBXBuildFile; fileRef = 50A11E721DDD90F500AD5263 /* MASLayoutConstraint.m */; };
		50A11E871DDD90F500AD5263 /* MASViewAttribute.m in Sources */ = {isa = PBXBuildFile; fileRef = 50A11E761DDD90F500AD5263 /* MASViewAttribute.m */; };
		50A11E881DDD90F500AD5263 /* MASViewConstraint.m in Sources */ = {isa = PBXBuildFile; fileRef = 50A11E781DDD90F500AD5263 /* MASViewConstraint.m */; };
		50A11E891DDD90F500AD5263 /* NSArray+MASAdditions.m in Sources */ = {isa = PBXBuildFile; fileRef = 50A11E7A1DDD90F500AD5263 /* NSArray+MASAdditions.m */; };
		50A11E8A1DDD90F500AD5263 /* NSLayoutConstraint+MASDebugAdditions.m in Sources */ = {isa = PBXBuildFile; fileRef = 50A11E7D1DDD90F500AD5263 /* NSLayoutConstraint+MASDebugAdditions.m */; };
		50A11E8B1DDD90F500AD5263 /* View+MASAdditions.m in Sources */ = {isa = PBXBuildFile; fileRef = 50A11E7F1DDD90F500AD5263 /* View+MASAdditions.m */; };
		50A11E8C1DDD90F500AD5263 /* ViewController+MASAdditions.m in Sources */ = {isa = PBXBuildFile; fileRef = 50A11E821DDD90F500AD5263 /* ViewController+MASAdditions.m */; };
/* End PBXBuildFile section */

/* Begin PBXContainerItemProxy section */
		5028BD3C1C152E36007F5598 /* PBXContainerItemProxy */ = {
			isa = PBXContainerItemProxy;
			containerPortal = 5028BD171C152E36007F5598 /* Project object */;
			proxyType = 1;
			remoteGlobalIDString = 5028BD1E1C152E36007F5598;
			remoteInfo = XLMultiSegmentedControl;
		};
		5028BD471C152E36007F5598 /* PBXContainerItemProxy */ = {
			isa = PBXContainerItemProxy;
			containerPortal = 5028BD171C152E36007F5598 /* Project object */;
			proxyType = 1;
			remoteGlobalIDString = 5028BD1E1C152E36007F5598;
			remoteInfo = XLMultiSegmentedControl;
		};
/* End PBXContainerItemProxy section */

/* Begin PBXFileReference section */
		5028BD1F1C152E36007F5598 /* XLMultiSegmentedControl.app */ = {isa = PBXFileReference; explicitFileType = wrapper.application; includeInIndex = 0; path = XLMultiSegmentedControl.app; sourceTree = BUILT_PRODUCTS_DIR; };
		5028BD231C152E36007F5598 /* main.m */ = {isa = PBXFileReference; lastKnownFileType = sourcecode.c.objc; path = main.m; sourceTree = "<group>"; };
		5028BD251C152E36007F5598 /* AppDelegate.h */ = {isa = PBXFileReference; lastKnownFileType = sourcecode.c.h; path = AppDelegate.h; sourceTree = "<group>"; };
		5028BD261C152E36007F5598 /* AppDelegate.m */ = {isa = PBXFileReference; lastKnownFileType = sourcecode.c.objc; path = AppDelegate.m; sourceTree = "<group>"; };
		5028BD281C152E36007F5598 /* ViewController.h */ = {isa = PBXFileReference; lastKnownFileType = sourcecode.c.h; path = ViewController.h; sourceTree = "<group>"; };
		5028BD291C152E36007F5598 /* ViewController.m */ = {isa = PBXFileReference; lastKnownFileType = sourcecode.c.objc; path = ViewController.m; sourceTree = "<group>"; };
		5028BD2C1C152E36007F5598 /* Base */ = {isa = PBXFileReference; lastKnownFileType = file.storyboard; name = Base; path = Base.lproj/Main.storyboard; sourceTree = "<group>"; };
		5028BD2F1C152E36007F5598 /* XLMultiSegmentedControl.xcdatamodel */ = {isa = PBXFileReference; lastKnownFileType = wrapper.xcdatamodel; path = XLMultiSegmentedControl.xcdatamodel; sourceTree = "<group>"; };
		5028BD311C152E36007F5598 /* Assets.xcassets */ = {isa = PBXFileReference; lastKnownFileType = folder.assetcatalog; path = Assets.xcassets; sourceTree = "<group>"; };
		5028BD341C152E36007F5598 /* Base */ = {isa = PBXFileReference; lastKnownFileType = file.storyboard; name = Base; path = Base.lproj/LaunchScreen.storyboard; sourceTree = "<group>"; };
		5028BD361C152E36007F5598 /* Info.plist */ = {isa = PBXFileReference; lastKnownFileType = text.plist.xml; path = Info.plist; sourceTree = "<group>"; };
		5028BD3B1C152E36007F5598 /* XLMultiSegmentedControlTests.xctest */ = {isa = PBXFileReference; explicitFileType = wrapper.cfbundle; includeInIndex = 0; path = XLMultiSegmentedControlTests.xctest; sourceTree = BUILT_PRODUCTS_DIR; };
		5028BD3F1C152E36007F5598 /* XLMultiSegmentedControlTests.m */ = {isa = PBXFileReference; lastKnownFileType = sourcecode.c.objc; path = XLMultiSegmentedControlTests.m; sourceTree = "<group>"; };
		5028BD411C152E36007F5598 /* Info.plist */ = {isa = PBXFileReference; lastKnownFileType = text.plist.xml; path = Info.plist; sourceTree = "<group>"; };
		5028BD461C152E36007F5598 /* XLMultiSegmentedControlUITests.xctest */ = {isa = PBXFileReference; explicitFileType = wrapper.cfbundle; includeInIndex = 0; path = XLMultiSegmentedControlUITests.xctest; sourceTree = BUILT_PRODUCTS_DIR; };
		5028BD4A1C152E36007F5598 /* XLMultiSegmentedControlUITests.m */ = {isa = PBXFileReference; lastKnownFileType = sourcecode.c.objc; path = XLMultiSegmentedControlUITests.m; sourceTree = "<group>"; };
		5028BD4C1C152E36007F5598 /* Info.plist */ = {isa = PBXFileReference; lastKnownFileType = text.plist.xml; path = Info.plist; sourceTree = "<group>"; };
		5028BD581C152E80007F5598 /* XLMultiSegmentedControl.h */ = {isa = PBXFileReference; fileEncoding = 4; lastKnownFileType = sourcecode.c.h; path = XLMultiSegmentedControl.h; sourceTree = "<group>"; };
		5028BD591C152E80007F5598 /* XLMultiSegmentedControl.m */ = {isa = PBXFileReference; fileEncoding = 4; lastKnownFileType = sourcecode.c.objc; path = XLMultiSegmentedControl.m; sourceTree = "<group>"; };
		5028BD5B1C152F28007F5598 /* screenshot.png */ = {isa = PBXFileReference; lastKnownFileType = image.png; path = screenshot.png; sourceTree = "<group>"; };
		50A11E6A1DDD90F500AD5263 /* MASCompositeConstraint.h */ = {isa = PBXFileReference; fileEncoding = 4; lastKnownFileType = sourcecode.c.h; path = MASCompositeConstraint.h; sourceTree = "<group>"; };
		50A11E6B1DDD90F500AD5263 /* MASCompositeConstraint.m */ = {isa = PBXFileReference; fileEncoding = 4; lastKnownFileType = sourcecode.c.objc; path = MASCompositeConstraint.m; sourceTree = "<group>"; };
		50A11E6C1DDD90F500AD5263 /* MASConstraint+Private.h */ = {isa = PBXFileReference; fileEncoding = 4; lastKnownFileType = sourcecode.c.h; path = "MASConstraint+Private.h"; sourceTree = "<group>"; };
		50A11E6D1DDD90F500AD5263 /* MASConstraint.h */ = {isa = PBXFileReference; fileEncoding = 4; lastKnownFileType = sourcecode.c.h; path = MASConstraint.h; sourceTree = "<group>"; };
		50A11E6E1DDD90F500AD5263 /* MASConstraint.m */ = {isa = PBXFileReference; fileEncoding = 4; lastKnownFileType = sourcecode.c.objc; path = MASConstraint.m; sourceTree = "<group>"; };
		50A11E6F1DDD90F500AD5263 /* MASConstraintMaker.h */ = {isa = PBXFileReference; fileEncoding = 4; lastKnownFileType = sourcecode.c.h; path = MASConstraintMaker.h; sourceTree = "<group>"; };
		50A11E701DDD90F500AD5263 /* MASConstraintMaker.m */ = {isa = PBXFileReference; fileEncoding = 4; lastKnownFileType = sourcecode.c.objc; path = MASConstraintMaker.m; sourceTree = "<group>"; };
		50A11E711DDD90F500AD5263 /* MASLayoutConstraint.h */ = {isa = PBXFileReference; fileEncoding = 4; lastKnownFileType = sourcecode.c.h; path = MASLayoutConstraint.h; sourceTree = "<group>"; };
		50A11E721DDD90F500AD5263 /* MASLayoutConstraint.m */ = {isa = PBXFileReference; fileEncoding = 4; lastKnownFileType = sourcecode.c.objc; path = MASLayoutConstraint.m; sourceTree = "<group>"; };
		50A11E731DDD90F500AD5263 /* Masonry.h */ = {isa = PBXFileReference; fileEncoding = 4; lastKnownFileType = sourcecode.c.h; path = Masonry.h; sourceTree = "<group>"; };
		50A11E741DDD90F500AD5263 /* MASUtilities.h */ = {isa = PBXFileReference; fileEncoding = 4; lastKnownFileType = sourcecode.c.h; path = MASUtilities.h; sourceTree = "<group>"; };
		50A11E751DDD90F500AD5263 /* MASViewAttribute.h */ = {isa = PBXFileReference; fileEncoding = 4; lastKnownFileType = sourcecode.c.h; path = MASViewAttribute.h; sourceTree = "<group>"; };
		50A11E761DDD90F500AD5263 /* MASViewAttribute.m */ = {isa = PBXFileReference; fileEncoding = 4; lastKnownFileType = sourcecode.c.objc; path = MASViewAttribute.m; sourceTree = "<group>"; };
		50A11E771DDD90F500AD5263 /* MASViewConstraint.h */ = {isa = PBXFileReference; fileEncoding = 4; lastKnownFileType = sourcecode.c.h; path = MASViewConstraint.h; sourceTree = "<group>"; };
		50A11E781DDD90F500AD5263 /* MASViewConstraint.m */ = {isa = PBXFileReference; fileEncoding = 4; lastKnownFileType = sourcecode.c.objc; path = MASViewConstraint.m; sourceTree = "<group>"; };
		50A11E791DDD90F500AD5263 /* NSArray+MASAdditions.h */ = {isa = PBXFileReference; fileEncoding = 4; lastKnownFileType = sourcecode.c.h; path = "NSArray+MASAdditions.h"; sourceTree = "<group>"; };
		50A11E7A1DDD90F500AD5263 /* NSArray+MASAdditions.m */ = {isa = PBXFileReference; fileEncoding = 4; lastKnownFileType = sourcecode.c.objc; path = "NSArray+MASAdditions.m"; sourceTree = "<group>"; };
		50A11E7B1DDD90F500AD5263 /* NSArray+MASShorthandAdditions.h */ = {isa = PBXFileReference; fileEncoding = 4; lastKnownFileType = sourcecode.c.h; path = "NSArray+MASShorthandAdditions.h"; sourceTree = "<group>"; };
		50A11E7C1DDD90F500AD5263 /* NSLayoutConstraint+MASDebugAdditions.h */ = {isa = PBXFileReference; fileEncoding = 4; lastKnownFileType = sourcecode.c.h; path = "NSLayoutConstraint+MASDebugAdditions.h"; sourceTree = "<group>"; };
		50A11E7D1DDD90F500AD5263 /* NSLayoutConstraint+MASDebugAdditions.m */ = {isa = PBXFileReference; fileEncoding = 4; lastKnownFileType = sourcecode.c.objc; path = "NSLayoutConstraint+MASDebugAdditions.m"; sourceTree = "<group>"; };
		50A11E7E1DDD90F500AD5263 /* View+MASAdditions.h */ = {isa = PBXFileReference; fileEncoding = 4; lastKnownFileType = sourcecode.c.h; path = "View+MASAdditions.h"; sourceTree = "<group>"; };
		50A11E7F1DDD90F500AD5263 /* View+MASAdditions.m */ = {isa = PBXFileReference; fileEncoding = 4; lastKnownFileType = sourcecode.c.objc; path = "View+MASAdditions.m"; sourceTree = "<group>"; };
		50A11E801DDD90F500AD5263 /* View+MASShorthandAdditions.h */ = {isa = PBXFileReference; fileEncoding = 4; lastKnownFileType = sourcecode.c.h; path = "View+MASShorthandAdditions.h"; sourceTree = "<group>"; };
		50A11E811DDD90F500AD5263 /* ViewController+MASAdditions.h */ = {isa = PBXFileReference; fileEncoding = 4; lastKnownFileType = sourcecode.c.h; path = "ViewController+MASAdditions.h"; sourceTree = "<group>"; };
		50A11E821DDD90F500AD5263 /* ViewController+MASAdditions.m */ = {isa = PBXFileReference; fileEncoding = 4; lastKnownFileType = sourcecode.c.objc; path = "ViewController+MASAdditions.m"; sourceTree = "<group>"; };
/* End PBXFileReference section */

/* Begin PBXFrameworksBuildPhase section */
		5028BD1C1C152E36007F5598 /* Frameworks */ = {
			isa = PBXFrameworksBuildPhase;
			buildActionMask = 2147483647;
			files = (
			);
			runOnlyForDeploymentPostprocessing = 0;
		};
		5028BD381C152E36007F5598 /* Frameworks */ = {
			isa = PBXFrameworksBuildPhase;
			buildActionMask = 2147483647;
			files = (
			);
			runOnlyForDeploymentPostprocessing = 0;
		};
		5028BD431C152E36007F5598 /* Frameworks */ = {
			isa = PBXFrameworksBuildPhase;
			buildActionMask = 2147483647;
			files = (
			);
			runOnlyForDeploymentPostprocessing = 0;
		};
/* End PBXFrameworksBuildPhase section */

/* Begin PBXGroup section */
		5028BD161C152E36007F5598 = {
			isa = PBXGroup;
			children = (
				5028BD211C152E36007F5598 /* XLMultiSegmentedControl */,
				5028BD3E1C152E36007F5598 /* XLMultiSegmentedControlTests */,
				5028BD491C152E36007F5598 /* XLMultiSegmentedControlUITests */,
				5028BD201C152E36007F5598 /* Products */,
			);
			sourceTree = "<group>";
		};
		5028BD201C152E36007F5598 /* Products */ = {
			isa = PBXGroup;
			children = (
				5028BD1F1C152E36007F5598 /* XLMultiSegmentedControl.app */,
				5028BD3B1C152E36007F5598 /* XLMultiSegmentedControlTests.xctest */,
				5028BD461C152E36007F5598 /* XLMultiSegmentedControlUITests.xctest */,
			);
			name = Products;
			sourceTree = "<group>";
		};
		5028BD211C152E36007F5598 /* XLMultiSegmentedControl */ = {
			isa = PBXGroup;
			children = (
				50A11E691DDD90F500AD5263 /* Masonry */,
				5028BD581C152E80007F5598 /* XLMultiSegmentedControl.h */,
				5028BD591C152E80007F5598 /* XLMultiSegmentedControl.m */,
				5028BD251C152E36007F5598 /* AppDelegate.h */,
				5028BD261C152E36007F5598 /* AppDelegate.m */,
				5028BD281C152E36007F5598 /* ViewController.h */,
				5028BD291C152E36007F5598 /* ViewController.m */,
				5028BD2B1C152E36007F5598 /* Main.storyboard */,
				5028BD311C152E36007F5598 /* Assets.xcassets */,
				5028BD331C152E36007F5598 /* LaunchScreen.storyboard */,
				5028BD361C152E36007F5598 /* Info.plist */,
				5028BD2E1C152E36007F5598 /* XLMultiSegmentedControl.xcdatamodeld */,
				5028BD221C152E36007F5598 /* Supporting Files */,
			);
			path = XLMultiSegmentedControl;
			sourceTree = "<group>";
		};
		5028BD221C152E36007F5598 /* Supporting Files */ = {
			isa = PBXGroup;
			children = (
				5028BD5B1C152F28007F5598 /* screenshot.png */,
				5028BD231C152E36007F5598 /* main.m */,
			);
			name = "Supporting Files";
			sourceTree = "<group>";
		};
		5028BD3E1C152E36007F5598 /* XLMultiSegmentedControlTests */ = {
			isa = PBXGroup;
			children = (
				5028BD3F1C152E36007F5598 /* XLMultiSegmentedControlTests.m */,
				5028BD411C152E36007F5598 /* Info.plist */,
			);
			path = XLMultiSegmentedControlTests;
			sourceTree = "<group>";
		};
		5028BD491C152E36007F5598 /* XLMultiSegmentedControlUITests */ = {
			isa = PBXGroup;
			children = (
				5028BD4A1C152E36007F5598 /* XLMultiSegmentedControlUITests.m */,
				5028BD4C1C152E36007F5598 /* Info.plist */,
			);
			path = XLMultiSegmentedControlUITests;
			sourceTree = "<group>";
		};
		50A11E691DDD90F500AD5263 /* Masonry */ = {
			isa = PBXGroup;
			children = (
				50A11E6A1DDD90F500AD5263 /* MASCompositeConstraint.h */,
				50A11E6B1DDD90F500AD5263 /* MASCompositeConstraint.m */,
				50A11E6C1DDD90F500AD5263 /* MASConstraint+Private.h */,
				50A11E6D1DDD90F500AD5263 /* MASConstraint.h */,
				50A11E6E1DDD90F500AD5263 /* MASConstraint.m */,
				50A11E6F1DDD90F500AD5263 /* MASConstraintMaker.h */,
				50A11E701DDD90F500AD5263 /* MASConstraintMaker.m */,
				50A11E711DDD90F500AD5263 /* MASLayoutConstraint.h */,
				50A11E721DDD90F500AD5263 /* MASLayoutConstraint.m */,
				50A11E731DDD90F500AD5263 /* Masonry.h */,
				50A11E741DDD90F500AD5263 /* MASUtilities.h */,
				50A11E751DDD90F500AD5263 /* MASViewAttribute.h */,
				50A11E761DDD90F500AD5263 /* MASViewAttribute.m */,
				50A11E771DDD90F500AD5263 /* MASViewConstraint.h */,
				50A11E781DDD90F500AD5263 /* MASViewConstraint.m */,
				50A11E791DDD90F500AD5263 /* NSArray+MASAdditions.h */,
				50A11E7A1DDD90F500AD5263 /* NSArray+MASAdditions.m */,
				50A11E7B1DDD90F500AD5263 /* NSArray+MASShorthandAdditions.h */,
				50A11E7C1DDD90F500AD5263 /* NSLayoutConstraint+MASDebugAdditions.h */,
				50A11E7D1DDD90F500AD5263 /* NSLayoutConstraint+MASDebugAdditions.m */,
				50A11E7E1DDD90F500AD5263 /* View+MASAdditions.h */,
				50A11E7F1DDD90F500AD5263 /* View+MASAdditions.m */,
				50A11E801DDD90F500AD5263 /* View+MASShorthandAdditions.h */,
				50A11E811DDD90F500AD5263 /* ViewController+MASAdditions.h */,
				50A11E821DDD90F500AD5263 /* ViewController+MASAdditions.m */,
			);
			path = Masonry;
			sourceTree = "<group>";
		};
/* End PBXGroup section */

/* Begin PBXNativeTarget section */
		5028BD1E1C152E36007F5598 /* XLMultiSegmentedControl */ = {
			isa = PBXNativeTarget;
			buildConfigurationList = 5028BD4F1C152E36007F5598 /* Build configuration list for PBXNativeTarget "XLMultiSegmentedControl" */;
			buildPhases = (
				5028BD1B1C152E36007F5598 /* Sources */,
				5028BD1C1C152E36007F5598 /* Frameworks */,
				5028BD1D1C152E36007F5598 /* Resources */,
			);
			buildRules = (
			);
			dependencies = (
			);
			name = XLMultiSegmentedControl;
			productName = XLMultiSegmentedControl;
			productReference = 5028BD1F1C152E36007F5598 /* XLMultiSegmentedControl.app */;
			productType = "com.apple.product-type.application";
		};
		5028BD3A1C152E36007F5598 /* XLMultiSegmentedControlTests */ = {
			isa = PBXNativeTarget;
			buildConfigurationList = 5028BD521C152E36007F5598 /* Build configuration list for PBXNativeTarget "XLMultiSegmentedControlTests" */;
			buildPhases = (
				5028BD371C152E36007F5598 /* Sources */,
				5028BD381C152E36007F5598 /* Frameworks */,
				5028BD391C152E36007F5598 /* Resources */,
			);
			buildRules = (
			);
			dependencies = (
				5028BD3D1C152E36007F5598 /* PBXTargetDependency */,
			);
			name = XLMultiSegmentedControlTests;
			productName = XLMultiSegmentedControlTests;
			productReference = 5028BD3B1C152E36007F5598 /* XLMultiSegmentedControlTests.xctest */;
			productType = "com.apple.product-type.bundle.unit-test";
		};
		5028BD451C152E36007F5598 /* XLMultiSegmentedControlUITests */ = {
			isa = PBXNativeTarget;
			buildConfigurationList = 5028BD551C152E36007F5598 /* Build configuration list for PBXNativeTarget "XLMultiSegmentedControlUITests" */;
			buildPhases = (
				5028BD421C152E36007F5598 /* Sources */,
				5028BD431C152E36007F5598 /* Frameworks */,
				5028BD441C152E36007F5598 /* Resources */,
			);
			buildRules = (
			);
			dependencies = (
				5028BD481C152E36007F5598 /* PBXTargetDependency */,
			);
			name = XLMultiSegmentedControlUITests;
			productName = XLMultiSegmentedControlUITests;
			productReference = 5028BD461C152E36007F5598 /* XLMultiSegmentedControlUITests.xctest */;
			productType = "com.apple.product-type.bundle.ui-testing";
		};
/* End PBXNativeTarget section */

/* Begin PBXProject section */
		5028BD171C152E36007F5598 /* Project object */ = {
			isa = PBXProject;
			attributes = {
				LastUpgradeCheck = 0710;
				ORGANIZATIONNAME = userstar;
				TargetAttributes = {
					5028BD1E1C152E36007F5598 = {
						CreatedOnToolsVersion = 7.1;
					};
					5028BD3A1C152E36007F5598 = {
						CreatedOnToolsVersion = 7.1;
						TestTargetID = 5028BD1E1C152E36007F5598;
					};
					5028BD451C152E36007F5598 = {
						CreatedOnToolsVersion = 7.1;
						TestTargetID = 5028BD1E1C152E36007F5598;
					};
				};
			};
			buildConfigurationList = 5028BD1A1C152E36007F5598 /* Build configuration list for PBXProject "XLMultiSegmentedControl" */;
			compatibilityVersion = "Xcode 3.2";
			developmentRegion = English;
			hasScannedForEncodings = 0;
			knownRegions = (
				en,
				Base,
			);
			mainGroup = 5028BD161C152E36007F5598;
			productRefGroup = 5028BD201C152E36007F5598 /* Products */;
			projectDirPath = "";
			projectRoot = "";
			targets = (
				5028BD1E1C152E36007F5598 /* XLMultiSegmentedControl */,
				5028BD3A1C152E36007F5598 /* XLMultiSegmentedControlTests */,
				5028BD451C152E36007F5598 /* XLMultiSegmentedControlUITests */,
			);
		};
/* End PBXProject section */

/* Begin PBXResourcesBuildPhase section */
		5028BD1D1C152E36007F5598 /* Resources */ = {
			isa = PBXResourcesBuildPhase;
			buildActionMask = 2147483647;
			files = (
				5028BD351C152E36007F5598 /* LaunchScreen.storyboard in Resources */,
				5028BD321C152E36007F5598 /* Assets.xcassets in Resources */,
				5028BD2D1C152E36007F5598 /* Main.storyboard in Resources */,
				5028BD5C1C152F28007F5598 /* screenshot.png in Resources */,
			);
			runOnlyForDeploymentPostprocessing = 0;
		};
		5028BD391C152E36007F5598 /* Resources */ = {
			isa = PBXResourcesBuildPhase;
			buildActionMask = 2147483647;
			files = (
			);
			runOnlyForDeploymentPostprocessing = 0;
		};
		5028BD441C152E36007F5598 /* Resources */ = {
			isa = PBXResourcesBuildPhase;
			buildActionMask = 2147483647;
			files = (
			);
			runOnlyForDeploymentPostprocessing = 0;
		};
/* End PBXResourcesBuildPhase section */

/* Begin PBXSourcesBuildPhase section */
		5028BD1B1C152E36007F5598 /* Sources */ = {
			isa = PBXSourcesBuildPhase;
			buildActionMask = 2147483647;
			files = (
				50A11E8A1DDD90F500AD5263 /* NSLayoutConstraint+MASDebugAdditions.m in Sources */,
				5028BD301C152E36007F5598 /* XLMultiSegmentedControl.xcdatamodeld in Sources */,
				50A11E881DDD90F500AD5263 /* MASViewConstraint.m in Sources */,
				5028BD2A1C152E36007F5598 /* ViewController.m in Sources */,
				5028BD271C152E36007F5598 /* AppDelegate.m in Sources */,
				5028BD241C152E36007F5598 /* main.m in Sources */,
				50A11E8B1DDD90F500AD5263 /* View+MASAdditions.m in Sources */,
				50A11E831DDD90F500AD5263 /* MASCompositeConstraint.m in Sources */,
				50A11E871DDD90F500AD5263 /* MASViewAttribute.m in Sources */,
				50A11E851DDD90F500AD5263 /* MASConstraintMaker.m in Sources */,
				50A11E891DDD90F500AD5263 /* NSArray+MASAdditions.m in Sources */,
				50A11E8C1DDD90F500AD5263 /* ViewController+MASAdditions.m in Sources */,
				50A11E841DDD90F500AD5263 /* MASConstraint.m in Sources */,
				50A11E861DDD90F500AD5263 /* MASLayoutConstraint.m in Sources */,
				5028BD5A1C152E80007F5598 /* XLMultiSegmentedControl.m in Sources */,
			);
			runOnlyForDeploymentPostprocessing = 0;
		};
		5028BD371C152E36007F5598 /* Sources */ = {
			isa = PBXSourcesBuildPhase;
			buildActionMask = 2147483647;
			files = (
				5028BD401C152E36007F5598 /* XLMultiSegmentedControlTests.m in Sources */,
			);
			runOnlyForDeploymentPostprocessing = 0;
		};
		5028BD421C152E36007F5598 /* Sources */ = {
			isa = PBXSourcesBuildPhase;
			buildActionMask = 2147483647;
			files = (
				5028BD4B1C152E36007F5598 /* XLMultiSegmentedControlUITests.m in Sources */,
			);
			runOnlyForDeploymentPostprocessing = 0;
		};
/* End PBXSourcesBuildPhase section */

/* Begin PBXTargetDependency section */
		5028BD3D1C152E36007F5598 /* PBXTargetDependency */ = {
			isa = PBXTargetDependency;
			target = 5028BD1E1C152E36007F5598 /* XLMultiSegmentedControl */;
			targetProxy = 5028BD3C1C152E36007F5598 /* PBXContainerItemProxy */;
		};
		5028BD481C152E36007F5598 /* PBXTargetDependency */ = {
			isa = PBXTargetDependency;
			target = 5028BD1E1C152E36007F5598 /* XLMultiSegmentedControl */;
			targetProxy = 5028BD471C152E36007F5598 /* PBXContainerItemProxy */;
		};
/* End PBXTargetDependency section */

/* Begin PBXVariantGroup section */
		5028BD2B1C152E36007F5598 /* Main.storyboard */ = {
			isa = PBXVariantGroup;
			children = (
				5028BD2C1C152E36007F5598 /* Base */,
			);
			name = Main.storyboard;
			sourceTree = "<group>";
		};
		5028BD331C152E36007F5598 /* LaunchScreen.storyboard */ = {
			isa = PBXVariantGroup;
			children = (
				5028BD341C152E36007F5598 /* Base */,
			);
			name = LaunchScreen.storyboard;
			sourceTree = "<group>";
		};
/* End PBXVariantGroup section */

/* Begin XCBuildConfiguration section */
		5028BD4D1C152E36007F5598 /* Debug */ = {
			isa = XCBuildConfiguration;
			buildSettings = {
				ALWAYS_SEARCH_USER_PATHS = NO;
				CLANG_CXX_LANGUAGE_STANDARD = "gnu++0x";
				CLANG_CXX_LIBRARY = "libc++";
				CLANG_ENABLE_MODULES = YES;
				CLANG_ENABLE_OBJC_ARC = YES;
				CLANG_WARN_BOOL_CONVERSION = YES;
				CLANG_WARN_CONSTANT_CONVERSION = YES;
				CLANG_WARN_DIRECT_OBJC_ISA_USAGE = YES_ERROR;
				CLANG_WARN_EMPTY_BODY = YES;
				CLANG_WARN_ENUM_CONVERSION = YES;
				CLANG_WARN_INT_CONVERSION = YES;
				CLANG_WARN_OBJC_ROOT_CLASS = YES_ERROR;
				CLANG_WARN_UNREACHABLE_CODE = YES;
				CLANG_WARN__DUPLICATE_METHOD_MATCH = YES;
				"CODE_SIGN_IDENTITY[sdk=iphoneos*]" = "iPhone Developer";
				COPY_PHASE_STRIP = NO;
				DEBUG_INFORMATION_FORMAT = dwarf;
				ENABLE_STRICT_OBJC_MSGSEND = YES;
				ENABLE_TESTABILITY = YES;
				GCC_C_LANGUAGE_STANDARD = gnu99;
				GCC_DYNAMIC_NO_PIC = NO;
				GCC_NO_COMMON_BLOCKS = YES;
				GCC_OPTIMIZATION_LEVEL = 0;
				GCC_PREPROCESSOR_DEFINITIONS = (
					"DEBUG=1",
					"$(inherited)",
				);
				GCC_WARN_64_TO_32_BIT_CONVERSION = YES;
				GCC_WARN_ABOUT_RETURN_TYPE = YES_ERROR;
				GCC_WARN_UNDECLARED_SELECTOR = YES;
				GCC_WARN_UNINITIALIZED_AUTOS = YES_AGGRESSIVE;
				GCC_WARN_UNUSED_FUNCTION = YES;
				GCC_WARN_UNUSED_VARIABLE = YES;
				IPHONEOS_DEPLOYMENT_TARGET = 9.1;
				MTL_ENABLE_DEBUG_INFO = YES;
				ONLY_ACTIVE_ARCH = YES;
				SDKROOT = iphoneos;
			};
			name = Debug;
		};
		5028BD4E1C152E36007F5598 /* Release */ = {
			isa = XCBuildConfiguration;
			buildSettings = {
				ALWAYS_SEARCH_USER_PATHS = NO;
				CLANG_CXX_LANGUAGE_STANDARD = "gnu++0x";
				CLANG_CXX_LIBRARY = "libc++";
				CLANG_ENABLE_MODULES = YES;
				CLANG_ENABLE_OBJC_ARC = YES;
				CLANG_WARN_BOOL_CONVERSION = YES;
				CLANG_WARN_CONSTANT_CONVERSION = YES;
				CLANG_WARN_DIRECT_OBJC_ISA_USAGE = YES_ERROR;
				CLANG_WARN_EMPTY_BODY = YES;
				CLANG_WARN_ENUM_CONVERSION = YES;
				CLANG_WARN_INT_CONVERSION = YES;
				CLANG_WARN_OBJC_ROOT_CLASS = YES_ERROR;
				CLANG_WARN_UNREACHABLE_CODE = YES;
				CLANG_WARN__DUPLICATE_METHOD_MATCH = YES;
				"CODE_SIGN_IDENTITY[sdk=iphoneos*]" = "iPhone Developer";
				COPY_PHASE_STRIP = NO;
				DEBUG_INFORMATION_FORMAT = "dwarf-with-dsym";
				ENABLE_NS_ASSERTIONS = NO;
				ENABLE_STRICT_OBJC_MSGSEND = YES;
				GCC_C_LANGUAGE_STANDARD = gnu99;
				GCC_NO_COMMON_BLOCKS = YES;
				GCC_WARN_64_TO_32_BIT_CONVERSION = YES;
				GCC_WARN_ABOUT_RETURN_TYPE = YES_ERROR;
				GCC_WARN_UNDECLARED_SELECTOR = YES;
				GCC_WARN_UNINITIALIZED_AUTOS = YES_AGGRESSIVE;
				GCC_WARN_UNUSED_FUNCTION = YES;
				GCC_WARN_UNUSED_VARIABLE = YES;
				IPHONEOS_DEPLOYMENT_TARGET = 9.1;
				MTL_ENABLE_DEBUG_INFO = NO;
				SDKROOT = iphoneos;
				VALIDATE_PRODUCT = YES;
			};
			name = Release;
		};
		5028BD501C152E36007F5598 /* Debug */ = {
			isa = XCBuildConfiguration;
			buildSettings = {
				ASSETCATALOG_COMPILER_APPICON_NAME = AppIcon;
				INFOPLIST_FILE = XLMultiSegmentedControl/Info.plist;
				LD_RUNPATH_SEARCH_PATHS = "$(inherited) @executable_path/Frameworks";
				PRODUCT_BUNDLE_IDENTIFIER = cn.userstar.XLMultiSegmentedControl;
				PRODUCT_NAME = "$(TARGET_NAME)";
			};
			name = Debug;
		};
		5028BD511C152E36007F5598 /* Release */ = {
			isa = XCBuildConfiguration;
			buildSettings = {
				ASSETCATALOG_COMPILER_APPICON_NAME = AppIcon;
				INFOPLIST_FILE = XLMultiSegmentedControl/Info.plist;
				LD_RUNPATH_SEARCH_PATHS = "$(inherited) @executable_path/Frameworks";
				PRODUCT_BUNDLE_IDENTIFIER = cn.userstar.XLMultiSegmentedControl;
				PRODUCT_NAME = "$(TARGET_NAME)";
			};
			name = Release;
		};
		5028BD531C152E36007F5598 /* Debug */ = {
			isa = XCBuildConfiguration;
			buildSettings = {
				BUNDLE_LOADER = "$(TEST_HOST)";
				INFOPLIST_FILE = XLMultiSegmentedControlTests/Info.plist;
				LD_RUNPATH_SEARCH_PATHS = "$(inherited) @executable_path/Frameworks @loader_path/Frameworks";
				PRODUCT_BUNDLE_IDENTIFIER = cn.userstar.XLMultiSegmentedControlTests;
				PRODUCT_NAME = "$(TARGET_NAME)";
				TEST_HOST = "$(BUILT_PRODUCTS_DIR)/XLMultiSegmentedControl.app/XLMultiSegmentedControl";
			};
			name = Debug;
		};
		5028BD541C152E36007F5598 /* Release */ = {
			isa = XCBuildConfiguration;
			buildSettings = {
				BUNDLE_LOADER = "$(TEST_HOST)";
				INFOPLIST_FILE = XLMultiSegmentedControlTests/Info.plist;
				LD_RUNPATH_SEARCH_PATHS = "$(inherited) @executable_path/Frameworks @loader_path/Frameworks";
				PRODUCT_BUNDLE_IDENTIFIER = cn.userstar.XLMultiSegmentedControlTests;
				PRODUCT_NAME = "$(TARGET_NAME)";
				TEST_HOST = "$(BUILT_PRODUCTS_DIR)/XLMultiSegmentedControl.app/XLMultiSegmentedControl";
			};
			name = Release;
		};
		5028BD561C152E36007F5598 /* Debug */ = {
			isa = XCBuildConfiguration;
			buildSettings = {
				INFOPLIST_FILE = XLMultiSegmentedControlUITests/Info.plist;
				LD_RUNPATH_SEARCH_PATHS = "$(inherited) @executable_path/Frameworks @loader_path/Frameworks";
				PRODUCT_BUNDLE_IDENTIFIER = cn.userstar.XLMultiSegmentedControlUITests;
				PRODUCT_NAME = "$(TARGET_NAME)";
				TEST_TARGET_NAME = XLMultiSegmentedControl;
				USES_XCTRUNNER = YES;
			};
			name = Debug;
		};
		5028BD571C152E36007F5598 /* Release */ = {
			isa = XCBuildConfiguration;
			buildSettings = {
				INFOPLIST_FILE = XLMultiSegmentedControlUITests/Info.plist;
				LD_RUNPATH_SEARCH_PATHS = "$(inherited) @executable_path/Frameworks @loader_path/Frameworks";
				PRODUCT_BUNDLE_IDENTIFIER = cn.userstar.XLMultiSegmentedControlUITests;
				PRODUCT_NAME = "$(TARGET_NAME)";
				TEST_TARGET_NAME = XLMultiSegmentedControl;
				USES_XCTRUNNER = YES;
			};
			name = Release;
		};
/* End XCBuildConfiguration section */

/* Begin XCConfigurationList section */
		5028BD1A1C152E36007F5598 /* Build configuration list for PBXProject "XLMultiSegmentedControl" */ = {
			isa = XCConfigurationList;
			buildConfigurations = (
				5028BD4D1C152E36007F5598 /* Debug */,
				5028BD4E1C152E36007F5598 /* Release */,
			);
			defaultConfigurationIsVisible = 0;
			defaultConfigurationName = Release;
		};
		5028BD4F1C152E36007F5598 /* Build configuration list for PBXNativeTarget "XLMultiSegmentedControl" */ = {
			isa = XCConfigurationList;
			buildConfigurations = (
				5028BD501C152E36007F5598 /* Debug */,
				5028BD511C152E36007F5598 /* Release */,
			);
			defaultConfigurationIsVisible = 0;
			defaultConfigurationName = Release;
		};
		5028BD521C152E36007F5598 /* Build configuration list for PBXNativeTarget "XLMultiSegmentedControlTests" */ = {
			isa = XCConfigurationList;
			buildConfigurations = (
				5028BD531C152E36007F5598 /* Debug */,
				5028BD541C152E36007F5598 /* Release */,
			);
			defaultConfigurationIsVisible = 0;
			defaultConfigurationName = Release;
		};
		5028BD551C152E36007F5598 /* Build configuration list for PBXNativeTarget "XLMultiSegmentedControlUITests" */ = {
			isa = XCConfigurationList;
			buildConfigurations = (
				5028BD561C152E36007F5598 /* Debug */,
				5028BD571C152E36007F5598 /* Release */,
			);
			defaultConfigurationIsVisible = 0;
			defaultConfigurationName = Release;
		};
/* End XCConfigurationList section */

/* Begin XCVersionGroup section */
		5028BD2E1C152E36007F5598 /* XLMultiSegmentedControl.xcdatamodeld */ = {
			isa = XCVersionGroup;
			children = (
				5028BD2F1C152E36007F5598 /* XLMultiSegmentedControl.xcdatamodel */,
			);
			currentVersion = 5028BD2F1C152E36007F5598 /* XLMultiSegmentedControl.xcdatamodel */;
			path = XLMultiSegmentedControl.xcdatamodeld;
			sourceTree = "<group>";
			versionGroupType = wrapper.xcdatamodel;
		};
/* End XCVersionGroup section */
	};
	rootObject = 5028BD171C152E36007F5598 /* Project object */;
}
